<?xml version="1.0" encoding="utf-8"?>
<Project ToolsVersion="4.0" xmlns="http://schemas.microsoft.com/developer/msbuild/2003">
  <ItemGroup>
    <Filter Include="Framework">
      <UniqueIdentifier>{4FC737F1-C7A5-4376-A066-2A32D752A2FF}</UniqueIdentifier>
      <Extensions>cpp;c;cc;cxx;c++;cppm;ixx;def;odl;idl;hpj;bat;asm;asmx</Extensions>
    </Filter>
    <Filter Include="Gameplay">
      <UniqueIdentifier>{c92b0697-1d39-4a49-9035-494bc34c39c8}</UniqueIdentifier>
    </Filter>
    <Filter Include="Materials">
      <UniqueIdentifier>{2c8c8e1c-71ec-4ea3-8838-fbe2bd97b8c0}</UniqueIdentifier>
    </Filter>
    <Filter Include="Materials\Shaders">
      <UniqueIdentifier>{bad8ac4a-3e50-47dc-ad4f-2893c3f4998e}</UniqueIdentifier>
    </Filter>
    <Filter Include="Materials\Shaders\Stages">
      <UniqueIdentifier>{81296559-cae0-437d-91cc-98f08ed9478f}</UniqueIdentifier>
    </Filter>
  </ItemGroup>
  <ItemGroup>
    <ClCompile Include="Framework\App.cpp">
      <Filter>Framework</Filter>
    </ClCompile>
    <ClCompile Include="Framework\GameCommon.cpp">
      <Filter>Framework</Filter>
    </ClCompile>
    <ClCompile Include="Framework\Main_Windows.cpp">
      <Filter>Framework</Filter>
    </ClCompile>
    <ClCompile Include="Gameplay\Game.cpp">
      <Filter>Gameplay</Filter>
    </ClCompile>
    <ClCompile Include="Gameplay\Entity.cpp">
      <Filter>Gameplay</Filter>
    </ClCompile>
    <ClCompile Include="Gameplay\Player.cpp">
      <Filter>Gameplay</Filter>
    </ClCompile>
    <ClCompile Include="Gameplay\Prop.cpp">
      <Filter>Gameplay</Filter>
    </ClCompile>
    <ClCompile Include="Gameplay\GameMode.cpp">
      <Filter>Gameplay</Filter>
    </ClCompile>
    <ClCompile Include="Gameplay\Basic3DMode.cpp">
      <Filter>Gameplay</Filter>
    </ClCompile>
    <ClCompile Include="Gameplay\AttractScreenMode.cpp">
      <Filter>Gameplay</Filter>
    </ClCompile>
    <ClCompile Include="Gameplay\FluidSolver.cpp">
      <Filter>Gameplay</Filter>
    </ClCompile>
  </ItemGroup>
  <ItemGroup>
    <ClInclude Include="Framework\App.hpp">
      <Filter>Framework</Filter>
    </ClInclude>
    <ClInclude Include="Framework\GameCommon.hpp">
      <Filter>Framework</Filter>
    </ClInclude>
    <ClInclude Include="EngineBuildPreferences.hpp" />
    <ClInclude Include="Gameplay\Game.hpp">
      <Filter>Gameplay</Filter>
    </ClInclude>
    <ClInclude Include="Gameplay\Entity.hpp">
      <Filter>Gameplay</Filter>
    </ClInclude>
    <ClInclude Include="Gameplay\Player.hpp">
      <Filter>Gameplay</Filter>
    </ClInclude>
    <ClInclude Include="Gameplay\Prop.hpp">
      <Filter>Gameplay</Filter>
    </ClInclude>
    <ClInclude Include="Gameplay\GameMode.hpp">
      <Filter>Gameplay</Filter>
    </ClInclude>
    <ClInclude Include="Gameplay\Basic3DMode.hpp">
      <Filter>Gameplay</Filter>
    </ClInclude>
    <ClInclude Include="Gameplay\AttractScreenMode.hpp">
      <Filter>Gameplay</Filter>
    </ClInclude>
    <ClInclude Include="Gameplay\FluidSolver.hpp">
      <Filter>Gameplay</Filter>
    </ClInclude>
  </ItemGroup>
  <ItemGroup>
    <Xml Include="..\..\Run\Data\GameConfig.xml" />
    <Xml Include="..\..\Run\Data\Materials\DepthPrePass.xml">
      <Filter>Materials</Filter>
    </Xml>
    <Xml Include="..\..\Run\Data\Materials\FluidColorPass.xml">
      <Filter>Materials</Filter>
    </Xml>
    <Xml Include="..\..\Run\Data\Materials\ThicknessPrePass.xml">
      <Filter>Materials</Filter>
    </Xml>
    <Xml Include="..\..\Run\Data\Materials\GaussianBlurPixelPass.xml">
      <Filter>Materials</Filter>
    </Xml>
    <Xml Include="..\..\Run\Data\Materials\UpdateNeighborsCS.xml">
      <Filter>Materials</Filter>
    </Xml>
    <Xml Include="..\..\Run\Data\Materials\ComputeShaders.xml">
      <Filter>Materials</Filter>
    </Xml>
  </ItemGroup>
  <ItemGroup>
    <None Include="..\..\Run\Data\Materials\Shaders\FluidDepthPrePass.hlsli">
      <Filter>Materials\Shaders</Filter>
    </None>
    <None Include="..\..\Run\Data\Materials\Shaders\FluidColorPass.hlsli">
      <Filter>Materials\Shaders</Filter>
    </None>
    <None Include="..\..\Run\Data\Materials\Shaders\FluidThickness.hlsli">
      <Filter>Materials\Shaders</Filter>
    </None>
    <None Include="..\..\Run\Data\Materials\Shaders\GaussianBlurLib.hlsli">
      <Filter>Materials\Shaders</Filter>
    </None>
    <None Include="..\..\Run\Data\Materials\Shaders\GaussianBlurShader.hlsli">
      <Filter>Materials\Shaders</Filter>
    </None>
    <None Include="..\..\Run\Data\Materials\Shaders\Constants.hlsli">
      <Filter>Materials\Shaders</Filter>
    </None>
    <None Include="..\..\Run\Data\Materials\Shaders\GPUFluidDepthPrePass.hlsli">
      <Filter>Materials\Shaders</Filter>
    </None>
  </ItemGroup>
  <ItemGroup>
    <FxCompile Include="..\..\Run\Data\Materials\Shaders\Stages\FluidDepthPrePass_m.hlsl">
      <Filter>Materials\Shaders\Stages</Filter>
    </FxCompile>
    <FxCompile Include="..\..\Run\Data\Materials\Shaders\Stages\FluidDepthPrePass_p.hlsl">
      <Filter>Materials\Shaders\Stages</Filter>
    </FxCompile>
    <FxCompile Include="..\..\Run\Data\Materials\Shaders\Stages\FluidColorPass_p.hlsl">
      <Filter>Materials\Shaders\Stages</Filter>
    </FxCompile>
    <FxCompile Include="..\..\Run\Data\Materials\Shaders\Stages\FluidColorPass_v.hlsl">
      <Filter>Materials\Shaders\Stages</Filter>
    </FxCompile>
    <FxCompile Include="..\..\Run\Data\Materials\Shaders\Stages\FluidThickness_p.hlsl">
      <Filter>Materials\Shaders\Stages</Filter>
    </FxCompile>
    <FxCompile Include="..\..\Run\Data\Materials\Shaders\Stages\GaussianBlur_p.hlsl">
      <Filter>Materials\Shaders\Stages</Filter>
    </FxCompile>
    <FxCompile Include="..\..\Run\Data\Materials\Shaders\Stages\GaussianBlur_v.hlsl">
      <Filter>Materials\Shaders\Stages</Filter>
    </FxCompile>
    <FxCompile Include="..\..\Run\Data\Materials\Shaders\UpdateNeighborsCS.hlsl">
      <Filter>Materials\Shaders</Filter>
    </FxCompile>
    <FxCompile Include="..\..\Run\Data\Materials\Shaders\ComputeShaders.hlsl">
      <Filter>Materials\Shaders</Filter>
    </FxCompile>
    <FxCompile Include="..\..\Run\Data\Materials\Shaders\Stages\GPUFluidDepthPrePass_m.hlsl">
      <Filter>Materials\Shaders\Stages</Filter>
    </FxCompile>
  </ItemGroup>
</Project>