<?xml version="1.0" encoding="utf-8"?>
<Project ToolsVersion="4.0" xmlns="http://schemas.microsoft.com/developer/msbuild/2003">
  <ItemGroup>
    <Filter Include="Framework">
      <UniqueIdentifier>{4FC737F1-C7A5-4376-A066-2A32D752A2FF}</UniqueIdentifier>
      <Extensions>cpp;c;cc;cxx;c++;cppm;ixx;def;odl;idl;hpj;bat;asm;asmx</Extensions>
    </Filter>
    <Filter Include="Gameplay">
      <UniqueIdentifier>{c92b0697-1d39-4a49-9035-494bc34c39c8}</UniqueIdentifier>
    </Filter>
    <Filter Include="Materials">
      <UniqueIdentifier>{d76e653c-8633-4c3d-bbe6-65d8f4e1d5c6}</UniqueIdentifier>
    </Filter>
    <Filter Include="Materials\Shaders">
      <UniqueIdentifier>{e0a3b692-df41-4d0f-aec7-ffcc47529fa0}</UniqueIdentifier>
    </Filter>
    <Filter Include="Materials\Shaders\Shader Stages">
      <UniqueIdentifier>{e7120ade-2ac4-4f8b-8ae6-658613b78c48}</UniqueIdentifier>
    </Filter>
  </ItemGroup>
  <ItemGroup>
    <ClCompile Include="Framework\App.cpp">
      <Filter>Framework</Filter>
    </ClCompile>
    <ClCompile Include="Framework\GameCommon.cpp">
      <Filter>Framework</Filter>
    </ClCompile>
    <ClCompile Include="Framework\Main_Windows.cpp">
      <Filter>Framework</Filter>
    </ClCompile>
    <ClCompile Include="Gameplay\Game.cpp">
      <Filter>Gameplay</Filter>
    </ClCompile>
    <ClCompile Include="Gameplay\Player.cpp">
      <Filter>Gameplay</Filter>
    </ClCompile>
    <ClCompile Include="Gameplay\MapDefinition.cpp">
      <Filter>Gameplay</Filter>
    </ClCompile>
    <ClCompile Include="Gameplay\TileDefinition.cpp">
      <Filter>Gameplay</Filter>
    </ClCompile>
    <ClCompile Include="Gameplay\TileMaterialDefinition.cpp">
      <Filter>Gameplay</Filter>
    </ClCompile>
    <ClCompile Include="Gameplay\TileSetDefinition.cpp">
      <Filter>Gameplay</Filter>
    </ClCompile>
    <ClCompile Include="Gameplay\Tile.cpp">
      <Filter>Gameplay</Filter>
    </ClCompile>
    <ClCompile Include="Gameplay\Map.cpp">
      <Filter>Gameplay</Filter>
    </ClCompile>
    <ClCompile Include="Gameplay\Actor.cpp">
      <Filter>Gameplay</Filter>
    </ClCompile>
    <ClCompile Include="Gameplay\ActorDefinition.cpp">
      <Filter>Gameplay</Filter>
    </ClCompile>
    <ClCompile Include="Gameplay\ActorUID.cpp">
      <Filter>Gameplay</Filter>
    </ClCompile>
    <ClCompile Include="Gameplay\AI.cpp">
      <Filter>Gameplay</Filter>
    </ClCompile>
    <ClCompile Include="Gameplay\Controller.cpp">
      <Filter>Gameplay</Filter>
    </ClCompile>
    <ClCompile Include="Gameplay\Weapon.cpp">
      <Filter>Gameplay</Filter>
    </ClCompile>
    <ClCompile Include="Gameplay\WeaponDefinition.cpp">
      <Filter>Gameplay</Filter>
    </ClCompile>
    <ClCompile Include="Gameplay\SpawnInfo.cpp">
      <Filter>Gameplay</Filter>
    </ClCompile>
  </ItemGroup>
  <ItemGroup>
    <ClInclude Include="Framework\App.hpp">
      <Filter>Framework</Filter>
    </ClInclude>
    <ClInclude Include="Framework\GameCommon.hpp">
      <Filter>Framework</Filter>
    </ClInclude>
    <ClInclude Include="EngineBuildPreferences.hpp" />
    <ClInclude Include="Gameplay\Game.hpp">
      <Filter>Gameplay</Filter>
    </ClInclude>
    <ClInclude Include="Gameplay\Player.hpp">
      <Filter>Gameplay</Filter>
    </ClInclude>
    <ClInclude Include="Gameplay\Map.hpp">
      <Filter>Gameplay</Filter>
    </ClInclude>
    <ClInclude Include="Gameplay\MapDefinition.hpp">
      <Filter>Gameplay</Filter>
    </ClInclude>
    <ClInclude Include="Gameplay\Tile.hpp">
      <Filter>Gameplay</Filter>
    </ClInclude>
    <ClInclude Include="Gameplay\TileDefinition.hpp">
      <Filter>Gameplay</Filter>
    </ClInclude>
    <ClInclude Include="Gameplay\TileMaterialDefinition.hpp">
      <Filter>Gameplay</Filter>
    </ClInclude>
    <ClInclude Include="Gameplay\TileSetDefinition.hpp">
      <Filter>Gameplay</Filter>
    </ClInclude>
    <ClInclude Include="Gameplay\Actor.hpp">
      <Filter>Gameplay</Filter>
    </ClInclude>
    <ClInclude Include="Gameplay\ActorUID.hpp">
      <Filter>Gameplay</Filter>
    </ClInclude>
    <ClInclude Include="Gameplay\AI.hpp">
      <Filter>Gameplay</Filter>
    </ClInclude>
    <ClInclude Include="Gameplay\Controller.hpp">
      <Filter>Gameplay</Filter>
    </ClInclude>
    <ClInclude Include="Gameplay\SpawnInfo.hpp">
      <Filter>Gameplay</Filter>
    </ClInclude>
    <ClInclude Include="Gameplay\Weapon.hpp">
      <Filter>Gameplay</Filter>
    </ClInclude>
    <ClInclude Include="Gameplay\WeaponDefinition.hpp">
      <Filter>Gameplay</Filter>
    </ClInclude>
    <ClInclude Include="Gameplay\ActorDefinition.hpp">
      <Filter>Gameplay</Filter>
    </ClInclude>
  </ItemGroup>
  <ItemGroup>
    <Xml Include="..\..\Run\Data\GameConfig.xml" />
    <Xml Include="..\..\Run\Data\Definitions\MapDefinitions.xml" />
    <Xml Include="..\..\Run\Data\Definitions\TileDefinitions.xml" />
    <Xml Include="..\..\Run\Data\Definitions\TileMaterialDefinitions.xml" />
    <Xml Include="..\..\Run\Data\Definitions\TileSetDefinitions.xml" />
    <Xml Include="..\..\Run\Data\Definitions\ActorDefinitions.xml" />
    <Xml Include="..\..\Run\Data\Definitions\ProjectileActorDefinitions.xml" />
    <Xml Include="..\..\Run\Data\Definitions\WeaponDefinitions.xml" />
    <Xml Include="..\..\Run\Data\Definitions\DoomFaceAnimation.xml" />
    <Xml Include="..\..\Run\Data\Materials\Sprite.xml">
      <Filter>Materials</Filter>
    </Xml>
    <Xml Include="..\..\Run\Data\Materials\SpriteLit.xml">
      <Filter>Materials</Filter>
    </Xml>
  </ItemGroup>
  <ItemGroup>
    <FxCompile Include="..\..\Run\Data\Materials\Shaders\Shader Stages\Sprite_p.hlsl">
      <Filter>Materials\Shaders\Shader Stages</Filter>
    </FxCompile>
    <FxCompile Include="..\..\Run\Data\Materials\Shaders\Shader Stages\Sprite_v.hlsl">
      <Filter>Materials\Shaders\Shader Stages</Filter>
    </FxCompile>
    <FxCompile Include="..\..\Run\Data\Materials\Shaders\Shader Stages\SpriteLit_p.hlsl">
      <Filter>Materials\Shaders\Shader Stages</Filter>
    </FxCompile>
    <FxCompile Include="..\..\Run\Data\Materials\Shaders\Shader Stages\SpriteLit_v.hlsl">
      <Filter>Materials\Shaders\Shader Stages</Filter>
    </FxCompile>
  </ItemGroup>
  <ItemGroup>
    <None Include="..\..\Run\Data\Materials\Shaders\Sprite.hlsli">
      <Filter>Materials\Shaders</Filter>
    </None>
    <None Include="..\..\Run\Data\Materials\Shaders\SpriteLit.hlsli">
      <Filter>Materials\Shaders</Filter>
    </None>
  </ItemGroup>
</Project>