<?xml version="1.0" encoding="utf-8"?>
<Project ToolsVersion="4.0" xmlns="http://schemas.microsoft.com/developer/msbuild/2003">
  <ItemGroup>
    <Filter Include="Core">
      <UniqueIdentifier>{4FC737F1-C7A5-4376-A066-2A32D752A2FF}</UniqueIdentifier>
      <Extensions>cpp;c;cc;cxx;c++;cppm;ixx;def;odl;idl;hpj;bat;asm;asmx</Extensions>
    </Filter>
    <Filter Include="Math">
      <UniqueIdentifier>{9cb43883-a91d-4008-b909-1933b9de1ded}</UniqueIdentifier>
    </Filter>
    <Filter Include="Renderer">
      <UniqueIdentifier>{7c690014-8b52-4d7c-bb10-2ee0abe4dfd1}</UniqueIdentifier>
    </Filter>
    <Filter Include="Input">
      <UniqueIdentifier>{053845d7-7c98-43aa-a132-ee6ce5bf4385}</UniqueIdentifier>
    </Filter>
    <Filter Include="Audio">
      <UniqueIdentifier>{aab4df37-8905-4a7b-90e0-280dc357fbc8}</UniqueIdentifier>
    </Filter>
    <Filter Include="ThirdParty">
      <UniqueIdentifier>{a7f7b60a-9876-4f5e-b7f6-7681c3f19edd}</UniqueIdentifier>
    </Filter>
    <Filter Include="ThirdParty\fmod">
      <UniqueIdentifier>{3550128b-f60e-478b-ab91-29a5f75141af}</UniqueIdentifier>
    </Filter>
    <Filter Include="Window">
      <UniqueIdentifier>{d50f48b9-9cab-4a50-8953-bdc0286f08c8}</UniqueIdentifier>
    </Filter>
    <Filter Include="ThirdParty\stb">
      <UniqueIdentifier>{4bf778cf-c1ae-4eb4-8555-90d0a83f12db}</UniqueIdentifier>
    </Filter>
    <Filter Include="ThirdParty\Squirrel">
      <UniqueIdentifier>{45dc6b8d-801b-40fc-b980-d19d39bcc8c9}</UniqueIdentifier>
    </Filter>
    <Filter Include="ThirdParty\TinyXML2">
      <UniqueIdentifier>{c03600c4-5fe7-4917-9408-f77d9fd1b097}</UniqueIdentifier>
    </Filter>
    <Filter Include="Network">
      <UniqueIdentifier>{a240decf-6a61-45b6-992c-24a658da9ed7}</UniqueIdentifier>
    </Filter>
    <Filter Include="ThirdParty\ImGUI">
      <UniqueIdentifier>{236cceba-7e03-422e-ae4a-30d70099432b}</UniqueIdentifier>
    </Filter>
    <Filter Include="Renderer\D3D11">
      <UniqueIdentifier>{3be082df-efe1-44e6-8486-fd82c1eff92c}</UniqueIdentifier>
    </Filter>
    <Filter Include="Renderer\D3D12">
      <UniqueIdentifier>{4fa813ba-13b9-41a6-b9ff-25dac1f745a4}</UniqueIdentifier>
    </Filter>
    <Filter Include="Renderer\Materials">
      <UniqueIdentifier>{8157c02b-3462-41a7-878c-f7d9ab51e905}</UniqueIdentifier>
    </Filter>
    <Filter Include="Renderer\Materials\Shaders">
      <UniqueIdentifier>{10bec793-ac90-4da9-b44c-ed40f783f438}</UniqueIdentifier>
    </Filter>
    <Filter Include="Renderer\Materials\Shaders\Stages">
      <UniqueIdentifier>{143a3874-4d69-45fc-acdf-8f1aa0209619}</UniqueIdentifier>
    </Filter>
    <Filter Include="Renderer\Materials\Shaders\Common">
      <UniqueIdentifier>{1b74a793-4323-4db8-a65f-23bfa004a36e}</UniqueIdentifier>
    </Filter>
    <Filter Include="ThirdParty\WinPixEventRuntime">
      <UniqueIdentifier>{c225c49a-8c06-423f-8098-6deacf5bf946}</UniqueIdentifier>
    </Filter>
  </ItemGroup>
  <ItemGroup>
    <ClCompile Include="Math\Vec2.cpp">
      <Filter>Math</Filter>
    </ClCompile>
    <ClCompile Include="Renderer\Renderer.cpp">
      <Filter>Renderer</Filter>
    </ClCompile>
    <ClCompile Include="Renderer\Camera.cpp">
      <Filter>Renderer</Filter>
    </ClCompile>
    <ClCompile Include="Math\Vec3.cpp">
      <Filter>Math</Filter>
    </ClCompile>
    <ClCompile Include="Core\Rgba8.cpp">
      <Filter>Core</Filter>
    </ClCompile>
    <ClCompile Include="Core\Vertex_PCU.cpp">
      <Filter>Core</Filter>
    </ClCompile>
    <ClCompile Include="Math\MathUtils.cpp">
      <Filter>Math</Filter>
    </ClCompile>
    <ClCompile Include="Core\VertexUtils.cpp">
      <Filter>Core</Filter>
    </ClCompile>
    <ClCompile Include="Core\EngineCommon.cpp">
      <Filter>Core</Filter>
    </ClCompile>
    <ClCompile Include="Core\ErrorWarningAssert.cpp">
      <Filter>Core</Filter>
    </ClCompile>
    <ClCompile Include="Core\StringUtils.cpp">
      <Filter>Core</Filter>
    </ClCompile>
    <ClCompile Include="Math\RandomNumberGenerator.cpp">
      <Filter>Math</Filter>
    </ClCompile>
    <ClCompile Include="Core\Time.cpp">
      <Filter>Core</Filter>
    </ClCompile>
    <ClCompile Include="Input\AnalogJoystick.cpp">
      <Filter>Input</Filter>
    </ClCompile>
    <ClCompile Include="Input\InputSystem.cpp">
      <Filter>Input</Filter>
    </ClCompile>
    <ClCompile Include="Input\XboxController.cpp">
      <Filter>Input</Filter>
    </ClCompile>
    <ClCompile Include="Math\IntVec2.cpp">
      <Filter>Math</Filter>
    </ClCompile>
    <ClCompile Include="Math\AABB2.cpp">
      <Filter>Math</Filter>
    </ClCompile>
    <ClCompile Include="Audio\AudioSystem.cpp">
      <Filter>Audio</Filter>
    </ClCompile>
    <ClCompile Include="Renderer\SimpleTriangleFont.cpp">
      <Filter>Renderer</Filter>
    </ClCompile>
    <ClCompile Include="Window\Window.cpp">
      <Filter>Window</Filter>
    </ClCompile>
    <ClCompile Include="Math\FloatRange.cpp">
      <Filter>Math</Filter>
    </ClCompile>
    <ClCompile Include="Math\IntRange.cpp">
      <Filter>Math</Filter>
    </ClCompile>
    <ClCompile Include="Math\LineSegment2.cpp">
      <Filter>Math</Filter>
    </ClCompile>
    <ClCompile Include="Math\OBB2.cpp">
      <Filter>Math</Filter>
    </ClCompile>
    <ClCompile Include="Renderer\Texture.cpp">
      <Filter>Renderer</Filter>
    </ClCompile>
    <ClCompile Include="Core\Image.cpp">
      <Filter>Core</Filter>
    </ClCompile>
    <ClCompile Include="Renderer\SpriteSheet.cpp">
      <Filter>Core</Filter>
    </ClCompile>
    <ClCompile Include="Core\XmlUtils.cpp">
      <Filter>Core</Filter>
    </ClCompile>
    <ClCompile Include="Core\NamedStrings.cpp">
      <Filter>Core</Filter>
    </ClCompile>
    <ClCompile Include="Core\HeatMaps.cpp">
      <Filter>Core</Filter>
    </ClCompile>
    <ClCompile Include="Renderer\SpriteAnimDefinition.cpp">
      <Filter>Core</Filter>
    </ClCompile>
    <ClCompile Include="Core\DevConsole.cpp">
      <Filter>Core</Filter>
    </ClCompile>
    <ClCompile Include="Core\EventSystem.cpp">
      <Filter>Core</Filter>
    </ClCompile>
    <ClCompile Include="Core\FileUtils.cpp">
      <Filter>Core</Filter>
    </ClCompile>
    <ClCompile Include="Core\Clock.cpp">
      <Filter>Core</Filter>
    </ClCompile>
    <ClCompile Include="Core\Stopwatch.cpp">
      <Filter>Core</Filter>
    </ClCompile>
    <ClCompile Include="Core\Vertex_PNCU.cpp">
      <Filter>Core</Filter>
    </ClCompile>
    <ClCompile Include="Math\Easing.cpp">
      <Filter>Math</Filter>
    </ClCompile>
    <ClCompile Include="Math\AABB3.cpp">
      <Filter>Math</Filter>
    </ClCompile>
    <ClCompile Include="Math\Capsule2.cpp">
      <Filter>Math</Filter>
    </ClCompile>
    <ClCompile Include="Math\Curves.cpp">
      <Filter>Math</Filter>
    </ClCompile>
    <ClCompile Include="Math\ConvexPoly2D.cpp">
      <Filter>Math</Filter>
    </ClCompile>
    <ClCompile Include="Renderer\Billboard.cpp">
      <Filter>Renderer</Filter>
    </ClCompile>
    <ClCompile Include="Renderer\BitmapFont.cpp">
      <Filter>Renderer</Filter>
    </ClCompile>
    <ClCompile Include="Renderer\DebugShape.cpp">
      <Filter>Renderer</Filter>
    </ClCompile>
    <ClCompile Include="Renderer\DebugRendererSystem.cpp">
      <Filter>Renderer</Filter>
    </ClCompile>
    <ClCompile Include="Renderer\ConstantBuffer.cpp">
      <Filter>Renderer</Filter>
    </ClCompile>
    <ClCompile Include="Renderer\VertexBuffer.cpp">
      <Filter>Renderer</Filter>
    </ClCompile>
    <ClCompile Include="Math\EulerAngles.cpp">
      <Filter>Math</Filter>
    </ClCompile>
    <ClCompile Include="Math\IntVec3.cpp">
      <Filter>Math</Filter>
    </ClCompile>
    <ClCompile Include="Math\Mat44.cpp">
      <Filter>Math</Filter>
    </ClCompile>
    <ClCompile Include="Math\Vec4.cpp">
      <Filter>Math</Filter>
    </ClCompile>
    <ClCompile Include="..\ThirdParty\Squirrel\SmoothNoise.cpp">
      <Filter>ThirdParty\Squirrel</Filter>
    </ClCompile>
    <ClCompile Include="..\ThirdParty\Squirrel\RawNoise.cpp">
      <Filter>ThirdParty\Squirrel</Filter>
    </ClCompile>
    <ClCompile Include="Renderer\IndexBuffer.cpp">
      <Filter>Renderer</Filter>
    </ClCompile>
    <ClCompile Include="..\ThirdParty\TinyXML2\tinyxml2.cpp">
      <Filter>ThirdParty\TinyXML2</Filter>
    </ClCompile>
    <ClCompile Include="Renderer\Material.cpp">
      <Filter>Renderer</Filter>
    </ClCompile>
    <ClCompile Include="Math\RaycastUtils.cpp">
      <Filter>Math</Filter>
    </ClCompile>
    <ClCompile Include="Core\JobSystem.cpp">
      <Filter>Core</Filter>
    </ClCompile>
    <ClCompile Include="Renderer\Mesh.cpp">
      <Filter>Renderer</Filter>
    </ClCompile>
    <ClCompile Include="Renderer\OrbitCamera.cpp">
      <Filter>Renderer</Filter>
    </ClCompile>
    <ClCompile Include="Core\ProfileLogScope.cpp">
      <Filter>Core</Filter>
    </ClCompile>
    <ClCompile Include="Network\Network.cpp">
      <Filter>Network</Filter>
    </ClCompile>
    <ClCompile Include="Network\Socket.cpp">
      <Filter>Network</Filter>
    </ClCompile>
    <ClCompile Include="Network\TCPSocket.cpp">
      <Filter>Network</Filter>
    </ClCompile>
    <ClCompile Include="Network\RemoteConsole.cpp">
      <Filter>Network</Filter>
    </ClCompile>
    <ClCompile Include="Network\TCPConnection.cpp">
      <Filter>Network</Filter>
    </ClCompile>
    <ClCompile Include="Network\NetworkAddress.cpp">
      <Filter>Network</Filter>
    </ClCompile>
    <ClCompile Include="Network\TCPServer.cpp">
      <Filter>Network</Filter>
    </ClCompile>
    <ClCompile Include="..\ThirdParty\ImGUI\imgui.cpp">
      <Filter>ThirdParty\ImGUI</Filter>
    </ClCompile>
    <ClCompile Include="..\ThirdParty\ImGUI\imgui_draw.cpp">
      <Filter>ThirdParty\ImGUI</Filter>
    </ClCompile>
    <ClCompile Include="..\ThirdParty\ImGUI\imgui_impl_dx11.cpp">
      <Filter>ThirdParty\ImGUI</Filter>
    </ClCompile>
    <ClCompile Include="..\ThirdParty\ImGUI\imgui_impl_win32.cpp">
      <Filter>ThirdParty\ImGUI</Filter>
    </ClCompile>
    <ClCompile Include="..\ThirdParty\ImGUI\imgui_tables.cpp">
      <Filter>ThirdParty\ImGUI</Filter>
    </ClCompile>
    <ClCompile Include="..\ThirdParty\ImGUI\imgui_widgets.cpp">
      <Filter>ThirdParty\ImGUI</Filter>
    </ClCompile>
    <ClCompile Include="..\ThirdParty\ImGUI\imgui_demo.cpp">
      <Filter>ThirdParty\ImGUI</Filter>
    </ClCompile>
    <ClCompile Include="Renderer\StreamOutputBuffer.cpp">
      <Filter>Renderer</Filter>
    </ClCompile>
    <ClCompile Include="Renderer\UnorderedAccessBuffer.cpp">
      <Filter>Renderer</Filter>
    </ClCompile>
    <ClCompile Include="Math\Plane2D.cpp">
      <Filter>Math</Filter>
    </ClCompile>
    <ClCompile Include="Math\Plane3D.cpp">
      <Filter>Math</Filter>
    </ClCompile>
    <ClCompile Include="Math\ConvexHull2D.cpp">
      <Filter>Math</Filter>
    </ClCompile>
    <ClCompile Include="Core\BufferUtils.cpp">
      <Filter>Core</Filter>
    </ClCompile>
    <ClCompile Include="Core\NamedProperties.cpp">
      <Filter>Core</Filter>
    </ClCompile>
    <ClCompile Include="Math\Sampling.cpp">
      <Filter>Math</Filter>
    </ClCompile>
    <ClCompile Include="Core\Buffer.cpp">
      <Filter>Core</Filter>
    </ClCompile>
    <ClCompile Include="Renderer\MaterialSystem.cpp">
      <Filter>Renderer</Filter>
    </ClCompile>
    <ClCompile Include="..\ThirdParty\ImGUI\imgui_impl_dx12.cpp">
      <Filter>ThirdParty\ImGUI</Filter>
    </ClCompile>
    <ClCompile Include="Renderer\GraphicsCommon.cpp">
      <Filter>Renderer</Filter>
    </ClCompile>
    <ClCompile Include="Renderer\ImmediateContext.cpp">
      <Filter>Renderer</Filter>
    </ClCompile>
    <ClCompile Include="Renderer\D3D12\D3D12TypeConversions.cpp">
      <Filter>Renderer\D3D12</Filter>
    </ClCompile>
    <ClCompile Include="Renderer\D3D12\DescriptorHeap.cpp">
      <Filter>Renderer\D3D12</Filter>
    </ClCompile>
    <ClCompile Include="Renderer\D3D11\D3D11TypeConversions.cpp">
      <Filter>Renderer\D3D11</Filter>
    </ClCompile>
    <ClCompile Include="Renderer\D3D12\Resource.cpp">
      <Filter>Renderer\D3D12</Filter>
    </ClCompile>
    <ClCompile Include="Renderer\ResourceView.cpp">
      <Filter>Renderer\D3D12</Filter>
    </ClCompile>
    <ClCompile Include="Renderer\D3D12\Fence.cpp">
      <Filter>Renderer\D3D12</Filter>
    </ClCompile>
    <ClCompile Include="Renderer\PixEventReporter.cpp">
      <Filter>Renderer</Filter>
    </ClCompile>
  </ItemGroup>
  <ItemGroup>
    <ClInclude Include="Math\Vec2.hpp">
      <Filter>Math</Filter>
    </ClInclude>
    <ClInclude Include="Renderer\Renderer.hpp">
      <Filter>Renderer</Filter>
    </ClInclude>
    <ClInclude Include="Core\EngineCommon.hpp">
      <Filter>Core</Filter>
    </ClInclude>
    <ClInclude Include="Renderer\Camera.hpp">
      <Filter>Renderer</Filter>
    </ClInclude>
    <ClInclude Include="Math\Vec3.hpp">
      <Filter>Math</Filter>
    </ClInclude>
    <ClInclude Include="Core\Rgba8.hpp">
      <Filter>Core</Filter>
    </ClInclude>
    <ClInclude Include="Core\Vertex_PCU.hpp">
      <Filter>Core</Filter>
    </ClInclude>
    <ClInclude Include="Math\MathUtils.hpp">
      <Filter>Math</Filter>
    </ClInclude>
    <ClInclude Include="Core\VertexUtils.hpp">
      <Filter>Core</Filter>
    </ClInclude>
    <ClInclude Include="Core\ErrorWarningAssert.hpp">
      <Filter>Core</Filter>
    </ClInclude>
    <ClInclude Include="Core\StringUtils.hpp">
      <Filter>Core</Filter>
    </ClInclude>
    <ClInclude Include="Math\RandomNumberGenerator.hpp">
      <Filter>Math</Filter>
    </ClInclude>
    <ClInclude Include="Core\Time.hpp">
      <Filter>Core</Filter>
    </ClInclude>
    <ClInclude Include="Input\InputSystem.hpp">
      <Filter>Input</Filter>
    </ClInclude>
    <ClInclude Include="Input\AnalogJoystick.hpp">
      <Filter>Input</Filter>
    </ClInclude>
    <ClInclude Include="Input\XboxController.hpp">
      <Filter>Input</Filter>
    </ClInclude>
    <ClInclude Include="Input\XboxButtonIDEnum.hpp">
      <Filter>Input</Filter>
    </ClInclude>
    <ClInclude Include="Input\KeyButtonState.hpp">
      <Filter>Input</Filter>
    </ClInclude>
    <ClInclude Include="Math\IntVec2.hpp">
      <Filter>Math</Filter>
    </ClInclude>
    <ClInclude Include="Math\AABB2.hpp">
      <Filter>Math</Filter>
    </ClInclude>
    <ClInclude Include="Audio\AudioSystem.hpp">
      <Filter>Audio</Filter>
    </ClInclude>
    <ClInclude Include="..\ThirdParty\fmod\fmod.h">
      <Filter>ThirdParty\fmod</Filter>
    </ClInclude>
    <ClInclude Include="..\ThirdParty\fmod\fmod.hpp">
      <Filter>ThirdParty\fmod</Filter>
    </ClInclude>
    <ClInclude Include="..\ThirdParty\fmod\fmod_codec.h">
      <Filter>ThirdParty\fmod</Filter>
    </ClInclude>
    <ClInclude Include="..\ThirdParty\fmod\fmod_common.h">
      <Filter>ThirdParty\fmod</Filter>
    </ClInclude>
    <ClInclude Include="..\ThirdParty\fmod\fmod_dsp.h">
      <Filter>ThirdParty\fmod</Filter>
    </ClInclude>
    <ClInclude Include="..\ThirdParty\fmod\fmod_dsp_effects.h">
      <Filter>ThirdParty\fmod</Filter>
    </ClInclude>
    <ClInclude Include="..\ThirdParty\fmod\fmod_errors.h">
      <Filter>ThirdParty\fmod</Filter>
    </ClInclude>
    <ClInclude Include="..\ThirdParty\fmod\fmod_output.h">
      <Filter>ThirdParty\fmod</Filter>
    </ClInclude>
    <ClInclude Include="Renderer\SimpleTriangleFont.hpp">
      <Filter>Renderer</Filter>
    </ClInclude>
    <ClInclude Include="Window\Window.hpp">
      <Filter>Window</Filter>
    </ClInclude>
    <ClInclude Include="Math\FloatRange.hpp">
      <Filter>Math</Filter>
    </ClInclude>
    <ClInclude Include="Math\IntRange.hpp">
      <Filter>Math</Filter>
    </ClInclude>
    <ClInclude Include="Math\LineSegment2.hpp">
      <Filter>Math</Filter>
    </ClInclude>
    <ClInclude Include="Math\OBB2.hpp">
      <Filter>Math</Filter>
    </ClInclude>
    <ClInclude Include="Renderer\Texture.hpp">
      <Filter>Renderer</Filter>
    </ClInclude>
    <ClInclude Include="Core\Image.hpp">
      <Filter>Core</Filter>
    </ClInclude>
    <ClInclude Include="..\ThirdParty\stb\stb_image.h">
      <Filter>ThirdParty\stb</Filter>
    </ClInclude>
    <ClInclude Include="Core\Clock.hpp">
      <Filter>Core</Filter>
    </ClInclude>
    <ClInclude Include="Math\AABB3.hpp">
      <Filter>Math</Filter>
    </ClInclude>
    <ClInclude Include="Renderer\Billboard.hpp">
      <Filter>Renderer</Filter>
    </ClInclude>
    <ClInclude Include="Renderer\BitmapFont.hpp">
      <Filter>Renderer</Filter>
    </ClInclude>
    <ClInclude Include="Math\Capsule2.hpp">
      <Filter>Math</Filter>
    </ClInclude>
    <ClInclude Include="Renderer\ConstantBuffer.hpp">
      <Filter>Renderer</Filter>
    </ClInclude>
    <ClInclude Include="Math\ConvexPoly2D.hpp">
      <Filter>Math</Filter>
    </ClInclude>
    <ClInclude Include="Math\Curves.hpp">
      <Filter>Math</Filter>
    </ClInclude>
    <ClInclude Include="Renderer\DebugRendererSystem.hpp">
      <Filter>Renderer</Filter>
    </ClInclude>
    <ClInclude Include="Renderer\DebugShape.hpp">
      <Filter>Renderer</Filter>
    </ClInclude>
    <ClInclude Include="Renderer\DefaultShader.hpp">
      <Filter>Renderer</Filter>
    </ClInclude>
    <ClInclude Include="Core\DevConsole.hpp">
      <Filter>Core</Filter>
    </ClInclude>
    <ClInclude Include="Math\Easing.hpp">
      <Filter>Math</Filter>
    </ClInclude>
    <ClInclude Include="Math\EulerAngles.hpp">
      <Filter>Math</Filter>
    </ClInclude>
    <ClInclude Include="Math\IntVec3.hpp">
      <Filter>Math</Filter>
    </ClInclude>
    <ClInclude Include="Math\Mat44.hpp">
      <Filter>Math</Filter>
    </ClInclude>
    <ClInclude Include="Math\Vec4.hpp">
      <Filter>Math</Filter>
    </ClInclude>
    <ClInclude Include="..\ThirdParty\Squirrel\SmoothNoise.hpp">
      <Filter>ThirdParty\Squirrel</Filter>
    </ClInclude>
    <ClInclude Include="..\ThirdParty\Squirrel\RawNoise.hpp">
      <Filter>ThirdParty\Squirrel</Filter>
    </ClInclude>
    <ClInclude Include="Renderer\VertexBuffer.hpp">
      <Filter>Renderer</Filter>
    </ClInclude>
    <ClInclude Include="Renderer\IndexBuffer.hpp">
      <Filter>Renderer</Filter>
    </ClInclude>
    <ClInclude Include="Renderer\SpriteSheet.hpp">
      <Filter>Renderer</Filter>
    </ClInclude>
    <ClInclude Include="Renderer\Material.hpp">
      <Filter>Renderer</Filter>
    </ClInclude>
    <ClInclude Include="Core\EventSystem.hpp">
      <Filter>Core</Filter>
    </ClInclude>
    <ClInclude Include="Core\FileUtils.hpp">
      <Filter>Core</Filter>
    </ClInclude>
    <ClInclude Include="Core\HeatMaps.hpp">
      <Filter>Core</Filter>
    </ClInclude>
    <ClInclude Include="Core\NamedStrings.hpp">
      <Filter>Core</Filter>
    </ClInclude>
    <ClInclude Include="Renderer\SpriteAnimDefinition.hpp">
      <Filter>Core</Filter>
    </ClInclude>
    <ClInclude Include="Core\Stopwatch.hpp">
      <Filter>Core</Filter>
    </ClInclude>
    <ClInclude Include="Core\XmlUtils.hpp">
      <Filter>Core</Filter>
    </ClInclude>
    <ClInclude Include="Core\Vertex_PNCU.hpp">
      <Filter>Core</Filter>
    </ClInclude>
    <ClInclude Include="..\ThirdParty\TinyXML2\tinyxml2.h">
      <Filter>ThirdParty\TinyXML2</Filter>
    </ClInclude>
    <ClInclude Include="Math\RaycastUtils.hpp">
      <Filter>Math</Filter>
    </ClInclude>
    <ClInclude Include="Core\JobSystem.hpp">
      <Filter>Core</Filter>
    </ClInclude>
    <ClInclude Include="Renderer\Mesh.hpp">
      <Filter>Renderer</Filter>
    </ClInclude>
    <ClInclude Include="Renderer\OrbitCamera.hpp">
      <Filter>Renderer</Filter>
    </ClInclude>
    <ClInclude Include="Core\ProfileLogScope.hpp">
      <Filter>Core</Filter>
    </ClInclude>
    <ClInclude Include="Network\Network.hpp">
      <Filter>Network</Filter>
    </ClInclude>
    <ClInclude Include="Network\NetworkCommon.hpp">
      <Filter>Network</Filter>
    </ClInclude>
    <ClInclude Include="Network\Socket.hpp">
      <Filter>Network</Filter>
    </ClInclude>
    <ClInclude Include="Network\TCPSocket.hpp">
      <Filter>Network</Filter>
    </ClInclude>
    <ClInclude Include="Network\RemoteConsole.hpp">
      <Filter>Network</Filter>
    </ClInclude>
    <ClInclude Include="Network\TCPConnection.hpp">
      <Filter>Network</Filter>
    </ClInclude>
    <ClInclude Include="Network\NetworkAddress.hpp">
      <Filter>Network</Filter>
    </ClInclude>
    <ClInclude Include="Network\TCPServer.hpp">
      <Filter>Network</Filter>
    </ClInclude>
    <ClInclude Include="..\ThirdParty\ImGUI\imconfig.h">
      <Filter>ThirdParty\ImGUI</Filter>
    </ClInclude>
    <ClInclude Include="..\ThirdParty\ImGUI\imgui.h">
      <Filter>ThirdParty\ImGUI</Filter>
    </ClInclude>
    <ClInclude Include="..\ThirdParty\ImGUI\imgui_impl_dx11.h">
      <Filter>ThirdParty\ImGUI</Filter>
    </ClInclude>
    <ClInclude Include="..\ThirdParty\ImGUI\imgui_impl_win32.h">
      <Filter>ThirdParty\ImGUI</Filter>
    </ClInclude>
    <ClInclude Include="..\ThirdParty\ImGUI\imgui_internal.h">
      <Filter>ThirdParty\ImGUI</Filter>
    </ClInclude>
    <ClInclude Include="..\ThirdParty\ImGUI\imstb_rectpack.h">
      <Filter>ThirdParty\ImGUI</Filter>
    </ClInclude>
    <ClInclude Include="..\ThirdParty\ImGUI\imstb_textedit.h">
      <Filter>ThirdParty\ImGUI</Filter>
    </ClInclude>
    <ClInclude Include="..\ThirdParty\ImGUI\imstb_truetype.h">
      <Filter>ThirdParty\ImGUI</Filter>
    </ClInclude>
    <ClInclude Include="Renderer\StreamOutputBuffer.hpp">
      <Filter>Renderer</Filter>
    </ClInclude>
    <ClInclude Include="Renderer\UnorderedAccessBuffer.hpp">
      <Filter>Renderer</Filter>
    </ClInclude>
    <ClInclude Include="Renderer\D3D11\D3D11TypeConversions.hpp">
      <Filter>Renderer\D3D11</Filter>
    </ClInclude>
    <ClInclude Include="Math\Plane2D.hpp">
      <Filter>Math</Filter>
    </ClInclude>
    <ClInclude Include="Math\Plane3D.hpp">
      <Filter>Math</Filter>
    </ClInclude>
    <ClInclude Include="Math\ConvexHull2D.hpp">
      <Filter>Math</Filter>
    </ClInclude>
    <ClInclude Include="Core\BufferUtils.hpp">
      <Filter>Core</Filter>
    </ClInclude>
    <ClInclude Include="Core\NamedProperties.hpp">
      <Filter>Core</Filter>
    </ClInclude>
    <ClInclude Include="Math\Sampling.hpp">
      <Filter>Math</Filter>
    </ClInclude>
    <ClInclude Include="Renderer\GraphicsCommon.hpp">
      <Filter>Renderer</Filter>
    </ClInclude>
    <ClInclude Include="Renderer\D3D12\d3dx12.h">
      <Filter>Renderer\D3D12</Filter>
    </ClInclude>
    <ClInclude Include="Renderer\D3D12\d3dx12_barriers.h">
      <Filter>Renderer\D3D12</Filter>
    </ClInclude>
    <ClInclude Include="Renderer\D3D12\d3dx12_check_feature_support.h">
      <Filter>Renderer\D3D12</Filter>
    </ClInclude>
    <ClInclude Include="Renderer\D3D12\d3dx12_core.h">
      <Filter>Renderer\D3D12</Filter>
    </ClInclude>
    <ClInclude Include="Renderer\D3D12\d3dx12_default.h">
      <Filter>Renderer\D3D12</Filter>
    </ClInclude>
    <ClInclude Include="Renderer\D3D12\d3dx12_pipeline_state_stream.h">
      <Filter>Renderer\D3D12</Filter>
    </ClInclude>
    <ClInclude Include="Renderer\D3D12\d3dx12_property_format_table.h">
      <Filter>Renderer\D3D12</Filter>
    </ClInclude>
    <ClInclude Include="Renderer\D3D12\d3dx12_render_pass.h">
      <Filter>Renderer\D3D12</Filter>
    </ClInclude>
    <ClInclude Include="Renderer\D3D12\d3dx12_resource_helpers.h">
      <Filter>Renderer\D3D12</Filter>
    </ClInclude>
    <ClInclude Include="Renderer\D3D12\d3dx12_root_signature.h">
      <Filter>Renderer\D3D12</Filter>
    </ClInclude>
    <ClInclude Include="Renderer\D3D12\d3dx12_state_object.h">
      <Filter>Renderer\D3D12</Filter>
    </ClInclude>
    <ClInclude Include="Core\Buffer.hpp">
      <Filter>Core</Filter>
    </ClInclude>
    <ClInclude Include="Renderer\D3D12\D3D12TypeConversions.hpp">
      <Filter>Renderer\D3D12</Filter>
    </ClInclude>
    <ClInclude Include="Renderer\MaterialSystem.hpp">
      <Filter>Renderer</Filter>
    </ClInclude>
    <ClInclude Include="..\ThirdParty\ImGUI\imgui_impl_dx12.h">
      <Filter>ThirdParty\ImGUI</Filter>
    </ClInclude>
    <ClInclude Include="Renderer\ImmediateContext.hpp">
      <Filter>Renderer</Filter>
    </ClInclude>
    <ClInclude Include="Renderer\D3D12\DescriptorHeap.hpp">
      <Filter>Renderer\D3D12</Filter>
    </ClInclude>
    <ClInclude Include="Renderer\D3D12\Resource.hpp">
      <Filter>Renderer\D3D12</Filter>
    </ClInclude>
    <ClInclude Include="Renderer\ResourceView.hpp">
      <Filter>Renderer\D3D12</Filter>
    </ClInclude>
    <ClInclude Include="Renderer\D3D12\Fence.hpp">
      <Filter>Renderer\D3D12</Filter>
    </ClInclude>
    <ClInclude Include="..\ThirdParty\WinPixEventRuntime\Include\pix3.h">
      <Filter>ThirdParty\WinPixEventRuntime</Filter>
    </ClInclude>
    <ClInclude Include="Renderer\PixEventReporter.hpp">
      <Filter>Renderer</Filter>
    </ClInclude>
  </ItemGroup>
  <ItemGroup>
    <None Include="Renderer\Materials\Shaders\Default.hlsli">
      <Filter>Renderer\Materials\Shaders</Filter>
    </None>
    <None Include="Renderer\Materials\Shaders\DefaultDiffuse.hlsli">
      <Filter>Renderer\Materials\Shaders</Filter>
    </None>
    <None Include="Renderer\Materials\Shaders\DistanceFogEffect.hlsli">
      <Filter>Renderer\Materials\Shaders</Filter>
    </None>
    <None Include="Renderer\Materials\Shaders\DownsampleDepthBuffer.hlsli">
      <Filter>Renderer\Materials\Shaders</Filter>
    </None>
    <None Include="Renderer\Materials\Shaders\effect.hlsli">
      <Filter>Renderer\Materials\Shaders</Filter>
    </None>
    <None Include="Renderer\Materials\Shaders\GrayScaleEffect.hlsli">
      <Filter>Renderer\Materials\Shaders</Filter>
    </None>
    <None Include="Renderer\Materials\Shaders\InvertedColorEffect.hlsli">
      <Filter>Renderer\Materials\Shaders</Filter>
    </None>
    <None Include="Renderer\Materials\Shaders\PixelizedEffect.hlsli">
      <Filter>Renderer\Materials\Shaders</Filter>
    </None>
    <None Include="Renderer\Materials\Shaders\Skybox.hlsli">
      <Filter>Renderer\Materials\Shaders</Filter>
    </None>
    <None Include="Renderer\Materials\Shaders\SSAO.hlsli">
      <Filter>Renderer\Materials\Shaders</Filter>
    </None>
    <None Include="Renderer\Materials\Shaders\LinearDepthVisualizer.hlsli">
      <Filter>Renderer\Materials\Shaders</Filter>
    </None>
    <None Include="Renderer\Materials\Shaders\Common\Math.hlsli">
      <Filter>Renderer\Materials\Shaders\Common</Filter>
    </None>
    <None Include="Renderer\Materials\Shaders\ColorBandEffect.hlsli">
      <Filter>Renderer\Materials\Shaders</Filter>
    </None>
    <None Include="packages.config" />
    <None Include="Renderer\Materials\Shaders\FirstTriangle.hlsli">
      <Filter>Renderer\Materials\Shaders</Filter>
    </None>
  </ItemGroup>
  <ItemGroup>
    <Xml Include="Renderer\Materials\Default2DMaterial.xml">
      <Filter>Renderer\Materials</Filter>
    </Xml>
    <Xml Include="Renderer\Materials\Default3DMaterial.xml">
      <Filter>Renderer\Materials</Filter>
    </Xml>
    <Xml Include="Renderer\Materials\DebugAlwaysMaterial.xml">
      <Filter>Renderer\Materials</Filter>
    </Xml>
    <Xml Include="Renderer\Materials\DebugDepthMaterial.xml">
      <Filter>Renderer\Materials</Filter>
    </Xml>
    <Xml Include="Renderer\Materials\DebugXRayMaterial.xml">
      <Filter>Renderer\Materials</Filter>
    </Xml>
    <Xml Include="Renderer\Materials\ColorBandFXMaterial.xml">
      <Filter>Renderer\Materials</Filter>
    </Xml>
    <Xml Include="Renderer\Materials\DistanceFogFXMaterial.xml">
      <Filter>Renderer\Materials</Filter>
    </Xml>
    <Xml Include="Renderer\Materials\GrayScaleFXMaterial.xml">
      <Filter>Renderer\Materials</Filter>
    </Xml>
    <Xml Include="Renderer\Materials\InvertedColorFXMaterial.xml">
      <Filter>Renderer\Materials</Filter>
    </Xml>
    <Xml Include="Renderer\Materials\PixelizedFXMaterial.xml">
      <Filter>Renderer\Materials</Filter>
    </Xml>
    <Xml Include="Renderer\Materials\Default3DDiffuseMaterial.xml">
      <Filter>Renderer\Materials</Filter>
    </Xml>
    <Xml Include="Renderer\Materials\LinearDepthVisualizer.xml">
      <Filter>Renderer\Materials</Filter>
    </Xml>
    <Xml Include="Renderer\Materials\FirstTriangleMaterial.xml">
      <Filter>Renderer\Materials</Filter>
    </Xml>
  </ItemGroup>
  <ItemGroup>
    <FxCompile Include="Renderer\Materials\Shaders\Stages\Default_p.hlsl">
      <Filter>Renderer\Materials\Shaders\Stages</Filter>
    </FxCompile>
    <FxCompile Include="Renderer\Materials\Shaders\Stages\Default_v.hlsl">
      <Filter>Renderer\Materials\Shaders\Stages</Filter>
    </FxCompile>
    <FxCompile Include="Renderer\Materials\Shaders\Stages\ColorBandEffect_p.hlsl">
      <Filter>Renderer\Materials\Shaders\Stages</Filter>
    </FxCompile>
    <FxCompile Include="Renderer\Materials\Shaders\Stages\ColorBandEffect_v.hlsl">
      <Filter>Renderer\Materials\Shaders\Stages</Filter>
    </FxCompile>
    <FxCompile Include="Renderer\Materials\Shaders\Stages\GrayScaleEffect_p.hlsl">
      <Filter>Renderer\Materials\Shaders\Stages</Filter>
    </FxCompile>
    <FxCompile Include="Renderer\Materials\Shaders\Stages\GrayScaleEffect_v.hlsl">
      <Filter>Renderer\Materials\Shaders\Stages</Filter>
    </FxCompile>
    <FxCompile Include="Renderer\Materials\Shaders\Stages\DistanceFogEffect_p.hlsl">
      <Filter>Renderer\Materials\Shaders\Stages</Filter>
    </FxCompile>
    <FxCompile Include="Renderer\Materials\Shaders\Stages\DistanceFogEffect_v.hlsl">
      <Filter>Renderer\Materials\Shaders\Stages</Filter>
    </FxCompile>
    <FxCompile Include="Renderer\Materials\Shaders\Stages\InvertedColorEffect_p.hlsl">
      <Filter>Renderer\Materials\Shaders\Stages</Filter>
    </FxCompile>
    <FxCompile Include="Renderer\Materials\Shaders\Stages\InvertedColorEffect_v.hlsl">
      <Filter>Renderer\Materials\Shaders\Stages</Filter>
    </FxCompile>
    <FxCompile Include="Renderer\Materials\Shaders\Stages\PixelizedEffect_p.hlsl">
      <Filter>Renderer\Materials\Shaders\Stages</Filter>
    </FxCompile>
    <FxCompile Include="Renderer\Materials\Shaders\Stages\PixelizedEffect_v.hlsl">
      <Filter>Renderer\Materials\Shaders\Stages</Filter>
    </FxCompile>
    <FxCompile Include="Renderer\Materials\Shaders\Stages\DefaultDiffuse_p.hlsl">
      <Filter>Renderer\Materials\Shaders\Stages</Filter>
    </FxCompile>
    <FxCompile Include="Renderer\Materials\Shaders\Stages\DefaultDiffuse_v.hlsl">
      <Filter>Renderer\Materials\Shaders\Stages</Filter>
    </FxCompile>
    <FxCompile Include="Renderer\Materials\Shaders\Stages\LinearDepthVisualizer_p.hlsl">
      <Filter>Renderer\Materials\Shaders\Stages</Filter>
    </FxCompile>
    <FxCompile Include="Renderer\Materials\Shaders\Stages\LinearDepthVisualizer_v.hlsl">
      <Filter>Renderer\Materials\Shaders\Stages</Filter>
    </FxCompile>
    <FxCompile Include="Renderer\Materials\Shaders\Stages\FirstTriangle_p.hlsl">
      <Filter>Renderer\Materials\Shaders\Stages</Filter>
    </FxCompile>
    <FxCompile Include="Renderer\Materials\Shaders\Stages\FirstTriangle_v.hlsl">
      <Filter>Renderer\Materials\Shaders\Stages</Filter>
    </FxCompile>
  </ItemGroup>
</Project>